
Microsoft Visual Studio Solution File, Format Version 12.00
# Visual Studio Version 17
VisualStudioVersion = 17.8.34525.116
MinimumVisualStudioVersion = 10.0.40219.1
Project("{9A19103F-16F7-4668-BE54-9A1E7A4F7556}") = "ChatApp.WebAPI", "src\TempProj.WebAPI\ChatApp.WebAPI.csproj", "{37CC9CC9-B360-4A2F-9EF0-BD0BE6D8F89A}"
EndProject
Project("{2150E333-8FDC-42A3-9474-1A3956D46DE8}") = "src", "src", "{1940F2C9-4213-4781-B18C-B0604D73DAB7}"
EndProject
Project("{2150E333-8FDC-42A3-9474-1A3956D46DE8}") = "test", "test", "{4FAAEF80-C974-47B9-A10A-5F0137B677AC}"
EndProject
Project("{2150E333-8FDC-42A3-9474-1A3956D46DE8}") = "solution items", "solution items", "{65463438-73B1-42DF-8CF7-DAC0C102A393}"
	ProjectSection(SolutionItems) = preProject
		.gitignore = .gitignore
		.github\workflows\pipeline.yml = .github\workflows\pipeline.yml
		README.md = README.md
	EndProjectSection
EndProject
Project("{9A19103F-16F7-4668-BE54-9A1E7A4F7556}") = "ChatApp.Tests", "test\ChatApplication.Tests\ChatApp.Tests.csproj", "{61BBB4E0-5D0B-4918-9E38-E06539CC0F5B}"
EndProject
Project("{9A19103F-16F7-4668-BE54-9A1E7A4F7556}") = "ChatApp.Application", "src\ChatApp.Application\ChatApp.Application.csproj", "{BE956410-CD23-4383-902F-2DDF43CBD362}"
EndProject
Global
	GlobalSection(SolutionConfigurationPlatforms) = preSolution
		Debug|Any CPU = Debug|Any CPU
		Release|Any CPU = Release|Any CPU
	EndGlobalSection
	GlobalSection(ProjectConfigurationPlatforms) = postSolution
		{37CC9CC9-B360-4A2F-9EF0-BD0BE6D8F89A}.Debug|Any CPU.ActiveCfg = Debug|Any CPU
		{37CC9CC9-B360-4A2F-9EF0-BD0BE6D8F89A}.Debug|Any CPU.Build.0 = Debug|Any CPU
		{37CC9CC9-B360-4A2F-9EF0-BD0BE6D8F89A}.Release|Any CPU.ActiveCfg = Release|Any CPU
		{37CC9CC9-B360-4A2F-9EF0-BD0BE6D8F89A}.Release|Any CPU.Build.0 = Release|Any CPU
		{61BBB4E0-5D0B-4918-9E38-E06539CC0F5B}.Debug|Any CPU.ActiveCfg = Debug|Any CPU
		{61BBB4E0-5D0B-4918-9E38-E06539CC0F5B}.Debug|Any CPU.Build.0 = Debug|Any CPU
		{61BBB4E0-5D0B-4918-9E38-E06539CC0F5B}.Release|Any CPU.ActiveCfg = Release|Any CPU
		{61BBB4E0-5D0B-4918-9E38-E06539CC0F5B}.Release|Any CPU.Build.0 = Release|Any CPU
		{BE956410-CD23-4383-902F-2DDF43CBD362}.Debug|Any CPU.ActiveCfg = Debug|Any CPU
		{BE956410-CD23-4383-902F-2DDF43CBD362}.Debug|Any CPU.Build.0 = Debug|Any CPU
		{BE956410-CD23-4383-902F-2DDF43CBD362}.Release|Any CPU.ActiveCfg = Release|Any CPU
		{BE956410-CD23-4383-902F-2DDF43CBD362}.Release|Any CPU.Build.0 = Release|Any CPU
	EndGlobalSection
	GlobalSection(SolutionProperties) = preSolution
		HideSolutionNode = FALSE
	EndGlobalSection
	GlobalSection(NestedProjects) = preSolution
		{37CC9CC9-B360-4A2F-9EF0-BD0BE6D8F89A} = {1940F2C9-4213-4781-B18C-B0604D73DAB7}
		{61BBB4E0-5D0B-4918-9E38-E06539CC0F5B} = {4FAAEF80-C974-47B9-A10A-5F0137B677AC}
		{BE956410-CD23-4383-902F-2DDF43CBD362} = {1940F2C9-4213-4781-B18C-B0604D73DAB7}
	EndGlobalSection
	GlobalSection(ExtensibilityGlobals) = postSolution
		SolutionGuid = {3930DEF7-B56B-48B7-9E21-9436093AD218}
	EndGlobalSection
EndGlobal
